// !$*UTF8*$!
{
	archiveVersion = 1;
	classes = {
	};
	objectVersion = 56;
	objects = {

/* Begin PBXBuildFile section */
		F0366B2E2AEB0205006BA55C /* AppDelegate.swift in Sources */ = {isa = PBXBuildFile; fileRef = F0366B2D2AEB0205006BA55C /* AppDelegate.swift */; };
		F0366B302AEB0205006BA55C /* ViewController.swift in Sources */ = {isa = PBXBuildFile; fileRef = F0366B2F2AEB0205006BA55C /* ViewController.swift */; };
		F0366B322AEB0206006BA55C /* Assets.xcassets in Resources */ = {isa = PBXBuildFile; fileRef = F0366B312AEB0206006BA55C /* Assets.xcassets */; };
		F0366B352AEB0206006BA55C /* Main.storyboard in Resources */ = {isa = PBXBuildFile; fileRef = F0366B332AEB0206006BA55C /* Main.storyboard */; };
		F0366B402AEB0206006BA55C /* BrowsereceiptTests.swift in Sources */ = {isa = PBXBuildFile; fileRef = F0366B3F2AEB0206006BA55C /* BrowsereceiptTests.swift */; };
		F0366B4A2AEB0206006BA55C /* BrowsereceiptUITests.swift in Sources */ = {isa = PBXBuildFile; fileRef = F0366B492AEB0206006BA55C /* BrowsereceiptUITests.swift */; };
		F0366B4C2AEB0206006BA55C /* BrowsereceiptUITestsLaunchTests.swift in Sources */ = {isa = PBXBuildFile; fileRef = F0366B4B2AEB0206006BA55C /* BrowsereceiptUITestsLaunchTests.swift */; };
		F0366B592AEB0429006BA55C /* catprinter.png in Resources */ = {isa = PBXBuildFile; fileRef = F0366B582AEB0429006BA55C /* catprinter.png */; };
/* End PBXBuildFile section */

/* Begin PBXContainerItemProxy section */
		F0366B3C2AEB0206006BA55C /* PBXContainerItemProxy */ = {
			isa = PBXContainerItemProxy;
			containerPortal = F0366B222AEB0205006BA55C /* Project object */;
			proxyType = 1;
			remoteGlobalIDString = F0366B292AEB0205006BA55C;
			remoteInfo = Browsereceipt;
		};
		F0366B462AEB0206006BA55C /* PBXContainerItemProxy */ = {
			isa = PBXContainerItemProxy;
			containerPortal = F0366B222AEB0205006BA55C /* Project object */;
			proxyType = 1;
			remoteGlobalIDString = F0366B292AEB0205006BA55C;
			remoteInfo = Browsereceipt;
		};
/* End PBXContainerItemProxy section */

/* Begin PBXFileReference section */
		F0366B2A2AEB0205006BA55C /* Browsereceipt.app */ = {isa = PBXFileReference; explicitFileType = wrapper.application; includeInIndex = 0; path = Browsereceipt.app; sourceTree = BUILT_PRODUCTS_DIR; };
		F0366B2D2AEB0205006BA55C /* AppDelegate.swift */ = {isa = PBXFileReference; lastKnownFileType = sourcecode.swift; path = AppDelegate.swift; sourceTree = "<group>"; };
		F0366B2F2AEB0205006BA55C /* ViewController.swift */ = {isa = PBXFileReference; lastKnownFileType = sourcecode.swift; path = ViewController.swift; sourceTree = "<group>"; };
		F0366B312AEB0206006BA55C /* Assets.xcassets */ = {isa = PBXFileReference; lastKnownFileType = folder.assetcatalog; path = Assets.xcassets; sourceTree = "<group>"; };
		F0366B342AEB0206006BA55C /* Base */ = {isa = PBXFileReference; lastKnownFileType = file.storyboard; name = Base; path = Base.lproj/Main.storyboard; sourceTree = "<group>"; };
		F0366B362AEB0206006BA55C /* Browsereceipt.entitlements */ = {isa = PBXFileReference; lastKnownFileType = text.plist.entitlements; path = Browsereceipt.entitlements; sourceTree = "<group>"; };
		F0366B3B2AEB0206006BA55C /* BrowsereceiptTests.xctest */ = {isa = PBXFileReference; explicitFileType = wrapper.cfbundle; includeInIndex = 0; path = BrowsereceiptTests.xctest; sourceTree = BUILT_PRODUCTS_DIR; };
		F0366B3F2AEB0206006BA55C /* BrowsereceiptTests.swift */ = {isa = PBXFileReference; lastKnownFileType = sourcecode.swift; path = BrowsereceiptTests.swift; sourceTree = "<group>"; };
		F0366B452AEB0206006BA55C /* BrowsereceiptUITests.xctest */ = {isa = PBXFileReference; explicitFileType = wrapper.cfbundle; includeInIndex = 0; path = BrowsereceiptUITests.xctest; sourceTree = BUILT_PRODUCTS_DIR; };
		F0366B492AEB0206006BA55C /* BrowsereceiptUITests.swift */ = {isa = PBXFileReference; lastKnownFileType = sourcecode.swift; path = BrowsereceiptUITests.swift; sourceTree = "<group>"; };
		F0366B4B2AEB0206006BA55C /* BrowsereceiptUITestsLaunchTests.swift */ = {isa = PBXFileReference; lastKnownFileType = sourcecode.swift; path = BrowsereceiptUITestsLaunchTests.swift; sourceTree = "<group>"; };
		F0366B582AEB0429006BA55C /* catprinter.png */ = {isa = PBXFileReference; lastKnownFileType = image.png; path = catprinter.png; sourceTree = "<group>"; };
/* End PBXFileReference section */

/* Begin PBXFrameworksBuildPhase section */
		F0366B272AEB0205006BA55C /* Frameworks */ = {
			isa = PBXFrameworksBuildPhase;
			buildActionMask = 2147483647;
			files = (
			);
			runOnlyForDeploymentPostprocessing = 0;
		};
		F0366B382AEB0206006BA55C /* Frameworks */ = {
			isa = PBXFrameworksBuildPhase;
			buildActionMask = 2147483647;
			files = (
			);
			runOnlyForDeploymentPostprocessing = 0;
		};
		F0366B422AEB0206006BA55C /* Frameworks */ = {
			isa = PBXFrameworksBuildPhase;
			buildActionMask = 2147483647;
			files = (
			);
			runOnlyForDeploymentPostprocessing = 0;
		};
/* End PBXFrameworksBuildPhase section */

/* Begin PBXGroup section */
		F0366B212AEB0205006BA55C = {
			isa = PBXGroup;
			children = (
				F0366B2C2AEB0205006BA55C /* Browsereceipt */,
				F0366B3E2AEB0206006BA55C /* BrowsereceiptTests */,
				F0366B482AEB0206006BA55C /* BrowsereceiptUITests */,
				F0366B2B2AEB0205006BA55C /* Products */,
			);
			sourceTree = "<group>";
		};
		F0366B2B2AEB0205006BA55C /* Products */ = {
			isa = PBXGroup;
			children = (
				F0366B2A2AEB0205006BA55C /* Browsereceipt.app */,
				F0366B3B2AEB0206006BA55C /* BrowsereceiptTests.xctest */,
				F0366B452AEB0206006BA55C /* BrowsereceiptUITests.xctest */,
			);
			name = Products;
			sourceTree = "<group>";
		};
		F0366B2C2AEB0205006BA55C /* Browsereceipt */ = {
			isa = PBXGroup;
			children = (
				F0366B2D2AEB0205006BA55C /* AppDelegate.swift */,
				F0366B2F2AEB0205006BA55C /* ViewController.swift */,
				F0366B312AEB0206006BA55C /* Assets.xcassets */,
				F0366B582AEB0429006BA55C /* catprinter.png */,
				F0366B332AEB0206006BA55C /* Main.storyboard */,
				F0366B362AEB0206006BA55C /* Browsereceipt.entitlements */,
			);
			path = Browsereceipt;
			sourceTree = "<group>";
		};
		F0366B3E2AEB0206006BA55C /* BrowsereceiptTests */ = {
			isa = PBXGroup;
			children = (
				F0366B3F2AEB0206006BA55C /* BrowsereceiptTests.swift */,
			);
			path = BrowsereceiptTests;
			sourceTree = "<group>";
		};
		F0366B482AEB0206006BA55C /* BrowsereceiptUITests */ = {
			isa = PBXGroup;
			children = (
				F0366B492AEB0206006BA55C /* BrowsereceiptUITests.swift */,
				F0366B4B2AEB0206006BA55C /* BrowsereceiptUITestsLaunchTests.swift */,
			);
			path = BrowsereceiptUITests;
			sourceTree = "<group>";
		};
/* End PBXGroup section */

/* Begin PBXNativeTarget section */
		F0366B292AEB0205006BA55C /* Browsereceipt */ = {
			isa = PBXNativeTarget;
			buildConfigurationList = F0366B4F2AEB0206006BA55C /* Build configuration list for PBXNativeTarget "Browsereceipt" */;
			buildPhases = (
				F0366B262AEB0205006BA55C /* Sources */,
				F0366B272AEB0205006BA55C /* Frameworks */,
				F0366B282AEB0205006BA55C /* Resources */,
			);
			buildRules = (
			);
			dependencies = (
			);
			name = Browsereceipt;
			productName = Browsereceipt;
			productReference = F0366B2A2AEB0205006BA55C /* Browsereceipt.app */;
			productType = "com.apple.product-type.application";
		};
		F0366B3A2AEB0206006BA55C /* BrowsereceiptTests */ = {
			isa = PBXNativeTarget;
			buildConfigurationList = F0366B522AEB0206006BA55C /* Build configuration list for PBXNativeTarget "BrowsereceiptTests" */;
			buildPhases = (
				F0366B372AEB0206006BA55C /* Sources */,
				F0366B382AEB0206006BA55C /* Frameworks */,
				F0366B392AEB0206006BA55C /* Resources */,
			);
			buildRules = (
			);
			dependencies = (
				F0366B3D2AEB0206006BA55C /* PBXTargetDependency */,
			);
			name = BrowsereceiptTests;
			productName = BrowsereceiptTests;
			productReference = F0366B3B2AEB0206006BA55C /* BrowsereceiptTests.xctest */;
			productType = "com.apple.product-type.bundle.unit-test";
		};
		F0366B442AEB0206006BA55C /* BrowsereceiptUITests */ = {
			isa = PBXNativeTarget;
			buildConfigurationList = F0366B552AEB0206006BA55C /* Build configuration list for PBXNativeTarget "BrowsereceiptUITests" */;
			buildPhases = (
				F0366B412AEB0206006BA55C /* Sources */,
				F0366B422AEB0206006BA55C /* Frameworks */,
				F0366B432AEB0206006BA55C /* Resources */,
			);
			buildRules = (
			);
			dependencies = (
				F0366B472AEB0206006BA55C /* PBXTargetDependency */,
			);
			name = BrowsereceiptUITests;
			productName = BrowsereceiptUITests;
			productReference = F0366B452AEB0206006BA55C /* BrowsereceiptUITests.xctest */;
			productType = "com.apple.product-type.bundle.ui-testing";
		};
/* End PBXNativeTarget section */

/* Begin PBXProject section */
		F0366B222AEB0205006BA55C /* Project object */ = {
			isa = PBXProject;
			attributes = {
				BuildIndependentTargetsInParallel = 1;
				LastSwiftUpdateCheck = 1420;
				LastUpgradeCheck = 1420;
				TargetAttributes = {
					F0366B292AEB0205006BA55C = {
						CreatedOnToolsVersion = 14.2;
					};
					F0366B3A2AEB0206006BA55C = {
						CreatedOnToolsVersion = 14.2;
						TestTargetID = F0366B292AEB0205006BA55C;
					};
					F0366B442AEB0206006BA55C = {
						CreatedOnToolsVersion = 14.2;
						TestTargetID = F0366B292AEB0205006BA55C;
					};
				};
			};
			buildConfigurationList = F0366B252AEB0205006BA55C /* Build configuration list for PBXProject "Browsereceipt" */;
			compatibilityVersion = "Xcode 14.0";
			developmentRegion = en;
			hasScannedForEncodings = 0;
			knownRegions = (
				en,
				Base,
			);
			mainGroup = F0366B212AEB0205006BA55C;
			productRefGroup = F0366B2B2AEB0205006BA55C /* Products */;
			projectDirPath = "";
			projectRoot = "";
			targets = (
				F0366B292AEB0205006BA55C /* Browsereceipt */,
				F0366B3A2AEB0206006BA55C /* BrowsereceiptTests */,
				F0366B442AEB0206006BA55C /* BrowsereceiptUITests */,
			);
		};
/* End PBXProject section */

/* Begin PBXResourcesBuildPhase section */
		F0366B282AEB0205006BA55C /* Resources */ = {
			isa = PBXResourcesBuildPhase;
			buildActionMask = 2147483647;
			files = (
				F0366B592AEB0429006BA55C /* catprinter.png in Resources */,
				F0366B322AEB0206006BA55C /* Assets.xcassets in Resources */,
				F0366B352AEB0206006BA55C /* Main.storyboard in Resources */,
			);
			runOnlyForDeploymentPostprocessing = 0;
		};
		F0366B392AEB0206006BA55C /* Resources */ = {
			isa = PBXResourcesBuildPhase;
			buildActionMask = 2147483647;
			files = (
			);
			runOnlyForDeploymentPostprocessing = 0;
		};
		F0366B432AEB0206006BA55C /* Resources */ = {
			isa = PBXResourcesBuildPhase;
			buildActionMask = 2147483647;
			files = (
			);
			runOnlyForDeploymentPostprocessing = 0;
		};
/* End PBXResourcesBuildPhase section */

/* Begin PBXSourcesBuildPhase section */
		F0366B262AEB0205006BA55C /* Sources */ = {
			isa = PBXSourcesBuildPhase;
			buildActionMask = 2147483647;
			files = (
				F0366B302AEB0205006BA55C /* ViewController.swift in Sources */,
				F0366B2E2AEB0205006BA55C /* AppDelegate.swift in Sources */,
			);
			runOnlyForDeploymentPostprocessing = 0;
		};
		F0366B372AEB0206006BA55C /* Sources */ = {
			isa = PBXSourcesBuildPhase;
			buildActionMask = 2147483647;
			files = (
				F0366B402AEB0206006BA55C /* BrowsereceiptTests.swift in Sources */,
			);
			runOnlyForDeploymentPostprocessing = 0;
		};
		F0366B412AEB0206006BA55C /* Sources */ = {
			isa = PBXSourcesBuildPhase;
			buildActionMask = 2147483647;
			files = (
				F0366B4A2AEB0206006BA55C /* BrowsereceiptUITests.swift in Sources */,
				F0366B4C2AEB0206006BA55C /* BrowsereceiptUITestsLaunchTests.swift in Sources */,
			);
			runOnlyForDeploymentPostprocessing = 0;
		};
/* End PBXSourcesBuildPhase section */

/* Begin PBXTargetDependency section */
		F0366B3D2AEB0206006BA55C /* PBXTargetDependency */ = {
			isa = PBXTargetDependency;
			target = F0366B292AEB0205006BA55C /* Browsereceipt */;
			targetProxy = F0366B3C2AEB0206006BA55C /* PBXContainerItemProxy */;
		};
		F0366B472AEB0206006BA55C /* PBXTargetDependency */ = {
			isa = PBXTargetDependency;
			target = F0366B292AEB0205006BA55C /* Browsereceipt */;
			targetProxy = F0366B462AEB0206006BA55C /* PBXContainerItemProxy */;
		};
/* End PBXTargetDependency section */

/* Begin PBXVariantGroup section */
		F0366B332AEB0206006BA55C /* Main.storyboard */ = {
			isa = PBXVariantGroup;
			children = (
				F0366B342AEB0206006BA55C /* Base */,
			);
			name = Main.storyboard;
			sourceTree = "<group>";
		};
/* End PBXVariantGroup section */

/* Begin XCBuildConfiguration section */
		F0366B4D2AEB0206006BA55C /* Debug */ = {
			isa = XCBuildConfiguration;
			buildSettings = {
				ALWAYS_SEARCH_USER_PATHS = NO;
				CLANG_ANALYZER_NONNULL = YES;
				CLANG_ANALYZER_NUMBER_OBJECT_CONVERSION = YES_AGGRESSIVE;
				CLANG_CXX_LANGUAGE_STANDARD = "gnu++20";
				CLANG_ENABLE_MODULES = YES;
				CLANG_ENABLE_OBJC_ARC = YES;
				CLANG_ENABLE_OBJC_WEAK = YES;
				CLANG_WARN_BLOCK_CAPTURE_AUTORELEASING = YES;
				CLANG_WARN_BOOL_CONVERSION = YES;
				CLANG_WARN_COMMA = YES;
				CLANG_WARN_CONSTANT_CONVERSION = YES;
				CLANG_WARN_DEPRECATED_OBJC_IMPLEMENTATIONS = YES;
				CLANG_WARN_DIRECT_OBJC_ISA_USAGE = YES_ERROR;
				CLANG_WARN_DOCUMENTATION_COMMENTS = YES;
				CLANG_WARN_EMPTY_BODY = YES;
				CLANG_WARN_ENUM_CONVERSION = YES;
				CLANG_WARN_INFINITE_RECURSION = YES;
				CLANG_WARN_INT_CONVERSION = YES;
				CLANG_WARN_NON_LITERAL_NULL_CONVERSION = YES;
				CLANG_WARN_OBJC_IMPLICIT_RETAIN_SELF = YES;
				CLANG_WARN_OBJC_LITERAL_CONVERSION = YES;
				CLANG_WARN_OBJC_ROOT_CLASS = YES_ERROR;
				CLANG_WARN_QUOTED_INCLUDE_IN_FRAMEWORK_HEADER = YES;
				CLANG_WARN_RANGE_LOOP_ANALYSIS = YES;
				CLANG_WARN_STRICT_PROTOTYPES = YES;
				CLANG_WARN_SUSPICIOUS_MOVE = YES;
				CLANG_WARN_UNGUARDED_AVAILABILITY = YES_AGGRESSIVE;
				CLANG_WARN_UNREACHABLE_CODE = YES;
				CLANG_WARN__DUPLICATE_METHOD_MATCH = YES;
				COPY_PHASE_STRIP = NO;
				DEBUG_INFORMATION_FORMAT = dwarf;
				ENABLE_STRICT_OBJC_MSGSEND = YES;
				ENABLE_TESTABILITY = YES;
				GCC_C_LANGUAGE_STANDARD = gnu11;
				GCC_DYNAMIC_NO_PIC = NO;
				GCC_NO_COMMON_BLOCKS = YES;
				GCC_OPTIMIZATION_LEVEL = 0;
				GCC_PREPROCESSOR_DEFINITIONS = (
					"DEBUG=1",
					"$(inherited)",
				);
				GCC_WARN_64_TO_32_BIT_CONVERSION = YES;
				GCC_WARN_ABOUT_RETURN_TYPE = YES_ERROR;
				GCC_WARN_UNDECLARED_SELECTOR = YES;
				GCC_WARN_UNINITIALIZED_AUTOS = YES_AGGRESSIVE;
				GCC_WARN_UNUSED_FUNCTION = YES;
				GCC_WARN_UNUSED_VARIABLE = YES;
				MACOSX_DEPLOYMENT_TARGET = 13.1;
				MTL_ENABLE_DEBUG_INFO = INCLUDE_SOURCE;
				MTL_FAST_MATH = YES;
				ONLY_ACTIVE_ARCH = YES;
				SDKROOT = macosx;
				SWIFT_ACTIVE_COMPILATION_CONDITIONS = DEBUG;
				SWIFT_OPTIMIZATION_LEVEL = "-Onone";
			};
			name = Debug;
		};
		F0366B4E2AEB0206006BA55C /* Release */ = {
			isa = XCBuildConfiguration;
			buildSettings = {
				ALWAYS_SEARCH_USER_PATHS = NO;
				CLANG_ANALYZER_NONNULL = YES;
				CLANG_ANALYZER_NUMBER_OBJECT_CONVERSION = YES_AGGRESSIVE;
				CLANG_CXX_LANGUAGE_STANDARD = "gnu++20";
				CLANG_ENABLE_MODULES = YES;
				CLANG_ENABLE_OBJC_ARC = YES;
				CLANG_ENABLE_OBJC_WEAK = YES;
				CLANG_WARN_BLOCK_CAPTURE_AUTORELEASING = YES;
				CLANG_WARN_BOOL_CONVERSION = YES;
				CLANG_WARN_COMMA = YES;
				CLANG_WARN_CONSTANT_CONVERSION = YES;
				CLANG_WARN_DEPRECATED_OBJC_IMPLEMENTATIONS = YES;
				CLANG_WARN_DIRECT_OBJC_ISA_USAGE = YES_ERROR;
				CLANG_WARN_DOCUMENTATION_COMMENTS = YES;
				CLANG_WARN_EMPTY_BODY = YES;
				CLANG_WARN_ENUM_CONVERSION = YES;
				CLANG_WARN_INFINITE_RECURSION = YES;
				CLANG_WARN_INT_CONVERSION = YES;
				CLANG_WARN_NON_LITERAL_NULL_CONVERSION = YES;
				CLANG_WARN_OBJC_IMPLICIT_RETAIN_SELF = YES;
				CLANG_WARN_OBJC_LITERAL_CONVERSION = YES;
				CLANG_WARN_OBJC_ROOT_CLASS = YES_ERROR;
				CLANG_WARN_QUOTED_INCLUDE_IN_FRAMEWORK_HEADER = YES;
				CLANG_WARN_RANGE_LOOP_ANALYSIS = YES;
				CLANG_WARN_STRICT_PROTOTYPES = YES;
				CLANG_WARN_SUSPICIOUS_MOVE = YES;
				CLANG_WARN_UNGUARDED_AVAILABILITY = YES_AGGRESSIVE;
				CLANG_WARN_UNREACHABLE_CODE = YES;
				CLANG_WARN__DUPLICATE_METHOD_MATCH = YES;
				COPY_PHASE_STRIP = NO;
				DEBUG_INFORMATION_FORMAT = "dwarf-with-dsym";
				ENABLE_NS_ASSERTIONS = NO;
				ENABLE_STRICT_OBJC_MSGSEND = YES;
				GCC_C_LANGUAGE_STANDARD = gnu11;
				GCC_NO_COMMON_BLOCKS = YES;
				GCC_WARN_64_TO_32_BIT_CONVERSION = YES;
				GCC_WARN_ABOUT_RETURN_TYPE = YES_ERROR;
				GCC_WARN_UNDECLARED_SELECTOR = YES;
				GCC_WARN_UNINITIALIZED_AUTOS = YES_AGGRESSIVE;
				GCC_WARN_UNUSED_FUNCTION = YES;
				GCC_WARN_UNUSED_VARIABLE = YES;
				MACOSX_DEPLOYMENT_TARGET = 13.1;
				MTL_ENABLE_DEBUG_INFO = NO;
				MTL_FAST_MATH = YES;
				SDKROOT = macosx;
				SWIFT_COMPILATION_MODE = wholemodule;
				SWIFT_OPTIMIZATION_LEVEL = "-O";
			};
			name = Release;
		};
		F0366B502AEB0206006BA55C /* Debug */ = {
			isa = XCBuildConfiguration;
			buildSettings = {
				ASSETCATALOG_COMPILER_APPICON_NAME = AppIcon;
				ASSETCATALOG_COMPILER_GLOBAL_ACCENT_COLOR_NAME = AccentColor;
				CODE_SIGN_ENTITLEMENTS = Browsereceipt/Browsereceipt.entitlements;
				CODE_SIGN_STYLE = Automatic;
				COMBINE_HIDPI_IMAGES = YES;
				CURRENT_PROJECT_VERSION = 1;
				DEVELOPMENT_TEAM = 75YA78K5AM;
				ENABLE_HARDENED_RUNTIME = YES;
				GENERATE_INFOPLIST_FILE = YES;
				INFOPLIST_KEY_NSHumanReadableCopyright = "";
				INFOPLIST_KEY_NSMainStoryboardFile = Main;
				INFOPLIST_KEY_NSPrincipalClass = NSApplication;
				LD_RUNPATH_SEARCH_PATHS = (
					"$(inherited)",
					"@executable_path/../Frameworks",
				);
				MARKETING_VERSION = 1.0;
				PRODUCT_BUNDLE_IDENTIFIER = com.rsnous.Browsereceipt;
				PRODUCT_NAME = "$(TARGET_NAME)";
				SWIFT_EMIT_LOC_STRINGS = YES;
				SWIFT_VERSION = 5.0;
			};
			name = Debug;
		};
		F0366B512AEB0206006BA55C /* Release */ = {
			isa = XCBuildConfiguration;
			buildSettings = {
				ASSETCATALOG_COMPILER_APPICON_NAME = AppIcon;
				ASSETCATALOG_COMPILER_GLOBAL_ACCENT_COLOR_NAME = AccentColor;
				CODE_SIGN_ENTITLEMENTS = Browsereceipt/Browsereceipt.entitlements;
				CODE_SIGN_STYLE = Automatic;
				COMBINE_HIDPI_IMAGES = YES;
				CURRENT_PROJECT_VERSION = 1;
				DEVELOPMENT_TEAM = 75YA78K5AM;
				ENABLE_HARDENED_RUNTIME = YES;
				GENERATE_INFOPLIST_FILE = YES;
				INFOPLIST_KEY_NSHumanReadableCopyright = "";
				INFOPLIST_KEY_NSMainStoryboardFile = Main;
				INFOPLIST_KEY_NSPrincipalClass = NSApplication;
				LD_RUNPATH_SEARCH_PATHS = (
					"$(inherited)",
					"@executable_path/../Frameworks",
				);
				MARKETING_VERSION = 1.0;
				PRODUCT_BUNDLE_IDENTIFIER = com.rsnous.Browsereceipt;
				PRODUCT_NAME = "$(TARGET_NAME)";
				SWIFT_EMIT_LOC_STRINGS = YES;
				SWIFT_VERSION = 5.0;
			};
			name = Release;
		};
		F0366B532AEB0206006BA55C /* Debug */ = {
			isa = XCBuildConfiguration;
			buildSettings = {
				ALWAYS_EMBED_SWIFT_STANDARD_LIBRARIES = YES;
				BUNDLE_LOADER = "$(TEST_HOST)";
				CODE_SIGN_STYLE = Automatic;
				CURRENT_PROJECT_VERSION = 1;
				DEVELOPMENT_TEAM = 75YA78K5AM;
				GENERATE_INFOPLIST_FILE = YES;
				MACOSX_DEPLOYMENT_TARGET = 13.1;
				MARKETING_VERSION = 1.0;
				PRODUCT_BUNDLE_IDENTIFIER = com.rsnous.BrowsereceiptTests;
				PRODUCT_NAME = "$(TARGET_NAME)";
				SWIFT_EMIT_LOC_STRINGS = NO;
				SWIFT_VERSION = 5.0;
				TEST_HOST = "$(BUILT_PRODUCTS_DIR)/Browsereceipt.app/$(BUNDLE_EXECUTABLE_FOLDER_PATH)/Browsereceipt";
			};
			name = Debug;
		};
		F0366B542AEB0206006BA55C /* Release */ = {
			isa = XCBuildConfiguration;
			buildSettings = {
				ALWAYS_EMBED_SWIFT_STANDARD_LIBRARIES = YES;
				BUNDLE_LOADER = "$(TEST_HOST)";
				CODE_SIGN_STYLE = Automatic;
				CURRENT_PROJECT_VERSION = 1;
				DEVELOPMENT_TEAM = 75YA78K5AM;
				GENERATE_INFOPLIST_FILE = YES;
				MACOSX_DEPLOYMENT_TARGET = 13.1;
				MARKETING_VERSION = 1.0;
				PRODUCT_BUNDLE_IDENTIFIER = com.rsnous.BrowsereceiptTests;
				PRODUCT_NAME = "$(TARGET_NAME)";
				SWIFT_EMIT_LOC_STRINGS = NO;
				SWIFT_VERSION = 5.0;
				TEST_HOST = "$(BUILT_PRODUCTS_DIR)/Browsereceipt.app/$(BUNDLE_EXECUTABLE_FOLDER_PATH)/Browsereceipt";
			};
			name = Release;
		};
		F0366B562AEB0206006BA55C /* Debug */ = {
			isa = XCBuildConfiguration;
			buildSettings = {
				ALWAYS_EMBED_SWIFT_STANDARD_LIBRARIES = YES;
				CODE_SIGN_STYLE = Automatic;
				CURRENT_PROJECT_VERSION = 1;
				DEVELOPMENT_TEAM = 75YA78K5AM;
				GENERATE_INFOPLIST_FILE = YES;
				MARKETING_VERSION = 1.0;
				PRODUCT_BUNDLE_IDENTIFIER = com.rsnous.BrowsereceiptUITests;
				PRODUCT_NAME = "$(TARGET_NAME)";
				SWIFT_EMIT_LOC_STRINGS = NO;
				SWIFT_VERSION = 5.0;
				TEST_TARGET_NAME = Browsereceipt;
			};
			name = Debug;
		};
		F0366B572AEB0206006BA55C /* Release */ = {
			isa = XCBuildConfiguration;
			buildSettings = {
				ALWAYS_EMBED_SWIFT_STANDARD_LIBRARIES = YES;
				CODE_SIGN_STYLE = Automatic;
				CURRENT_PROJECT_VERSION = 1;
				DEVELOPMENT_TEAM = 75YA78K5AM;
				GENERATE_INFOPLIST_FILE = YES;
				MARKETING_VERSION = 1.0;
				PRODUCT_BUNDLE_IDENTIFIER = com.rsnous.BrowsereceiptUITests;
				PRODUCT_NAME = "$(TARGET_NAME)";
				SWIFT_EMIT_LOC_STRINGS = NO;
				SWIFT_VERSION = 5.0;
				TEST_TARGET_NAME = Browsereceipt;
			};
			name = Release;
		};
/* End XCBuildConfiguration section */

/* Begin XCConfigurationList section */
		F0366B252AEB0205006BA55C /* Build configuration list for PBXProject "Browsereceipt" */ = {
			isa = XCConfigurationList;
			buildConfigurations = (
				F0366B4D2AEB0206006BA55C /* Debug */,
				F0366B4E2AEB0206006BA55C /* Release */,
			);
			defaultConfigurationIsVisible = 0;
			defaultConfigurationName = Release;
		};
		F0366B4F2AEB0206006BA55C /* Build configuration list for PBXNativeTarget "Browsereceipt" */ = {
			isa = XCConfigurationList;
			buildConfigurations = (
				F0366B502AEB0206006BA55C /* Debug */,
				F0366B512AEB0206006BA55C /* Release */,
			);
			defaultConfigurationIsVisible = 0;
			defaultConfigurationName = Release;
		};
		F0366B522AEB0206006BA55C /* Build configuration list for PBXNativeTarget "BrowsereceiptTests" */ = {
			isa = XCConfigurationList;
			buildConfigurations = (
				F0366B532AEB0206006BA55C /* Debug */,
				F0366B542AEB0206006BA55C /* Release */,
			);
			defaultConfigurationIsVisible = 0;
			defaultConfigurationName = Release;
		};
		F0366B552AEB0206006BA55C /* Build configuration list for PBXNativeTarget "BrowsereceiptUITests" */ = {
			isa = XCConfigurationList;
			buildConfigurations = (
				F0366B562AEB0206006BA55C /* Debug */,
				F0366B572AEB0206006BA55C /* Release */,
			);
			defaultConfigurationIsVisible = 0;
			defaultConfigurationName = Release;
		};
/* End XCConfigurationList section */
	};
	rootObject = F0366B222AEB0205006BA55C /* Project object */;
}
